
Microsoft Visual Studio Solution File, Format Version 12.00
# Visual Studio Version 16
VisualStudioVersion = 16.0.31129.286
MinimumVisualStudioVersion = 10.0.40219.1
Project("{FAE04EC0-301F-11D3-BF4B-00C04F79EFBC}") = "ChangeUpdateCountPerSecond", "ChangeUpdateCountPerSecond\ChangeUpdateCountPerSecond.csproj", "{0007BE4F-C9FF-408D-BF2D-C50D38864D7C}"
EndProject
Global
	GlobalSection(SolutionConfigurationPlatforms) = preSolution
		Debug|Any CPU = Debug|Any CPU
		Release|Any CPU = Release|Any CPU
	EndGlobalSection
	GlobalSection(ProjectConfigurationPlatforms) = postSolution
		{0007BE4F-C9FF-408D-BF2D-C50D38864D7C}.Debug|Any CPU.ActiveCfg = Debug|Any CPU
		{0007BE4F-C9FF-408D-BF2D-C50D38864D7C}.Debug|Any CPU.Build.0 = Debug|Any CPU
		{0007BE4F-C9FF-408D-BF2D-C50D38864D7C}.Release|Any CPU.ActiveCfg = Release|Any CPU
		{0007BE4F-C9FF-408D-BF2D-C50D38864D7C}.Release|Any CPU.Build.0 = Release|Any CPU
	EndGlobalSection
	GlobalSection(SolutionProperties) = preSolution
		HideSolutionNode = FALSE
	EndGlobalSection
	GlobalSection(ExtensibilityGlobals) = postSolution
		SolutionGuid = {28FFAD73-AB59-4C76-B4A7-D995ED02A577}
	EndGlobalSection
EndGlobal
